{
  "requires": true,
  "lockfileVersion": 1,
  "dependencies": {
    "ogl": {
      "version": "0.0.60",
      "resolved": "https://registry.npmjs.org/ogl/-/ogl-0.0.60.tgz",
      "integrity": "sha512-lUibQAeKjeccUilgWB04UzC18GRWpeCj1IDjDjisOnXz3QVsTGS/FpO6rjexfVQzYTifVLKqtDMpb9AGw9hoXg=="
    }
  }
}
